
Microsoft Visual Studio Solution File, Format Version 12.00
# Visual Studio 14
VisualStudioVersion = 14.0.25420.1
MinimumVisualStudioVersion = 10.0.40219.1
Project("{8BB2217D-0F2D-49D1-97BC-3654ED321F3B}") = "SampleApp", "src\SampleApp\SampleApp.xproj", "{CF77EACA-B4D4-4F23-897A-B3E7A38D564E}"
EndProject
Project("{8BB2217D-0F2D-49D1-97BC-3654ED321F3B}") = "Microsoft.AspNetCore.Ext", "src\Microsoft.AspNetCore.Ext\Microsoft.AspNetCore.Ext.xproj", "{931D269D-7210-49BD-8A5F-CAF8689D6FCD}"
EndProject
Project("{8BB2217D-0F2D-49D1-97BC-3654ED321F3B}") = "System.Diagnostics.Context", "src\System.Diagnostics.Context\System.Diagnostics.Context.xproj", "{5953A709-C584-4744-834F-079C38A83E8C}"
EndProject
Project("{8BB2217D-0F2D-49D1-97BC-3654ED321F3B}") = "Microsoft.Extensions.Correlation", "src\Microsoft.Extensions.Correlation\Microsoft.Extensions.Correlation.xproj", "{7FE6AE69-6165-4AA1-BACF-C13501722C15}"
EndProject
Global
	GlobalSection(SolutionConfigurationPlatforms) = preSolution
		Debug|Any CPU = Debug|Any CPU
		Release|Any CPU = Release|Any CPU
	EndGlobalSection
	GlobalSection(ProjectConfigurationPlatforms) = postSolution
		{CF77EACA-B4D4-4F23-897A-B3E7A38D564E}.Debug|Any CPU.ActiveCfg = Debug|Any CPU
		{CF77EACA-B4D4-4F23-897A-B3E7A38D564E}.Debug|Any CPU.Build.0 = Debug|Any CPU
		{CF77EACA-B4D4-4F23-897A-B3E7A38D564E}.Release|Any CPU.ActiveCfg = Release|Any CPU
		{CF77EACA-B4D4-4F23-897A-B3E7A38D564E}.Release|Any CPU.Build.0 = Release|Any CPU
		{931D269D-7210-49BD-8A5F-CAF8689D6FCD}.Debug|Any CPU.ActiveCfg = Debug|Any CPU
		{931D269D-7210-49BD-8A5F-CAF8689D6FCD}.Debug|Any CPU.Build.0 = Debug|Any CPU
		{931D269D-7210-49BD-8A5F-CAF8689D6FCD}.Release|Any CPU.ActiveCfg = Release|Any CPU
		{931D269D-7210-49BD-8A5F-CAF8689D6FCD}.Release|Any CPU.Build.0 = Release|Any CPU
		{5953A709-C584-4744-834F-079C38A83E8C}.Debug|Any CPU.ActiveCfg = Debug|Any CPU
		{5953A709-C584-4744-834F-079C38A83E8C}.Debug|Any CPU.Build.0 = Debug|Any CPU
		{5953A709-C584-4744-834F-079C38A83E8C}.Release|Any CPU.ActiveCfg = Release|Any CPU
		{5953A709-C584-4744-834F-079C38A83E8C}.Release|Any CPU.Build.0 = Release|Any CPU
		{7FE6AE69-6165-4AA1-BACF-C13501722C15}.Debug|Any CPU.ActiveCfg = Debug|Any CPU
		{7FE6AE69-6165-4AA1-BACF-C13501722C15}.Debug|Any CPU.Build.0 = Debug|Any CPU
		{7FE6AE69-6165-4AA1-BACF-C13501722C15}.Release|Any CPU.ActiveCfg = Release|Any CPU
		{7FE6AE69-6165-4AA1-BACF-C13501722C15}.Release|Any CPU.Build.0 = Release|Any CPU
	EndGlobalSection
	GlobalSection(SolutionProperties) = preSolution
		HideSolutionNode = FALSE
	EndGlobalSection
EndGlobal
